# This file was autogenerated by Stack.
# You should not edit this file by hand.
# For more information, please see the documentation at:
#   https://docs.haskellstack.org/en/stable/lock_files

packages:
- completed:
    hackage: autodocodec-swagger2-0.0.1.1@sha256:93461f7233e3a5beb114d757ba9165720f0fd94ca3a0e279c13207949df34271,1117
    pantry-tree:
      sha256: 9888be10f64e0638615f92beeabc52febba4b52c4dd879b2d1f984d936dd77e8
      size: 389
  original:
    hackage: autodocodec-swagger2-0.0.1.1
snapshots:
- completed:
    sha256: e63b43d506918278d05cd1448bd19352ab2faa9b8e9d64ce527b56f1a7fba149
    size: 650255
    url: https://raw.githubusercontent.com/commercialhaskell/stackage-snapshots/master/lts/20/25.yaml
  original:
    url: https://raw.githubusercontent.com/commercialhaskell/stackage-snapshots/master/lts/20/25.yaml
